
Microsoft Visual Studio Solution File, Format Version 12.00
# Visual Studio Version 16
VisualStudioVersion = 16.0.32002.261
MinimumVisualStudioVersion = 10.0.40219.1
Project("{FAE04EC0-301F-11D3-BF4B-00C04F79EFBC}") = "EmployeeReport", "EmployeeReport\EmployeeReport.csproj", "{43F94F08-BAF2-4E3C-9D21-78322EF8553F}"
EndProject
Global
	GlobalSection(SolutionConfigurationPlatforms) = preSolution
		Debug|Any CPU = Debug|Any CPU
		Release|Any CPU = Release|Any CPU
	EndGlobalSection
	GlobalSection(ProjectConfigurationPlatforms) = postSolution
		{43F94F08-BAF2-4E3C-9D21-78322EF8553F}.Debug|Any CPU.ActiveCfg = Debug|Any CPU
		{43F94F08-BAF2-4E3C-9D21-78322EF8553F}.Debug|Any CPU.Build.0 = Debug|Any CPU
		{43F94F08-BAF2-4E3C-9D21-78322EF8553F}.Release|Any CPU.ActiveCfg = Release|Any CPU
		{43F94F08-BAF2-4E3C-9D21-78322EF8553F}.Release|Any CPU.Build.0 = Release|Any CPU
	EndGlobalSection
	GlobalSection(SolutionProperties) = preSolution
		HideSolutionNode = FALSE
	EndGlobalSection
	GlobalSection(ExtensibilityGlobals) = postSolution
		SolutionGuid = {8AA547D3-9E02-44C5-B629-21D2AE8B66B8}
	EndGlobalSection
EndGlobal
